// !$*UTF8*$!
{
	archiveVersion = 1;
	classes = {
	};
	objectVersion = 45;
	objects = {

/* Begin PBXBuildFile section */
		FA7305EB16D1AB6E00298214 /* megamodule_api_init.cpp in Sources */ = {isa = PBXBuildFile; fileRef = FA7305E816D1AB6E00298214 /* megamodule_api_init.cpp */; };
		FA7305EC16D1AB6E00298214 /* megamodule_js_api.cpp in Sources */ = {isa = PBXBuildFile; fileRef = FA7305E916D1AB6E00298214 /* megamodule_js_api.cpp */; };
		FA7305ED16D1AB6E00298214 /* megamodule_ruby_api.c in Sources */ = {isa = PBXBuildFile; fileRef = FA7305EA16D1AB6E00298214 /* megamodule_ruby_api.c */; };
		FAC155E7145855CF0016F3BD /* MegaModule_Prefix.pch in Headers */ = {isa = PBXBuildFile; fileRef = FAD45FD51225FED600141873 /* MegaModule_Prefix.pch */; };
		FAC155EE145855CF0016F3BD /* Foundation.framework in Frameworks */ = {isa = PBXBuildFile; fileRef = AACBBE490F95108600F1A2B1 /* Foundation.framework */; };
		FAC155EF145855CF0016F3BD /* UIKit.framework in Frameworks */ = {isa = PBXBuildFile; fileRef = FAD4602C12260A8500141873 /* UIKit.framework */; };
		FAE41D1817DF7D7600345B14 /* IMegamodule.h in Headers */ = {isa = PBXBuildFile; fileRef = FAE41D1317DF7D7100345B14 /* IMegamodule.h */; };
		FAE41D1917DF7D7900345B14 /* Megamodule_js_wrap.cpp in Sources */ = {isa = PBXBuildFile; fileRef = FAE41D1417DF7D7100345B14 /* Megamodule_js_wrap.cpp */; };
		FAE41D1A17DF7D7C00345B14 /* Megamodule_ruby_wrap.cpp in Sources */ = {isa = PBXBuildFile; fileRef = FAE41D1517DF7D7100345B14 /* Megamodule_ruby_wrap.cpp */; };
		FAE41D1B17DF7D8100345B14 /* MegamoduleBase.cpp in Sources */ = {isa = PBXBuildFile; fileRef = FAE41D1617DF7D7100345B14 /* MegamoduleBase.cpp */; };
		FAE41D1C17DF7D8500345B14 /* MegamoduleBase.h in Headers */ = {isa = PBXBuildFile; fileRef = FAE41D1717DF7D7100345B14 /* MegamoduleBase.h */; };
/* End PBXBuildFile section */

/* Begin PBXFileReference section */
		AACBBE490F95108600F1A2B1 /* Foundation.framework */ = {isa = PBXFileReference; lastKnownFileType = wrapper.framework; name = Foundation.framework; path = System/Library/Frameworks/Foundation.framework; sourceTree = SDKROOT; };
		FA7305E816D1AB6E00298214 /* megamodule_api_init.cpp */ = {isa = PBXFileReference; fileEncoding = 4; lastKnownFileType = sourcecode.cpp.cpp; name = megamodule_api_init.cpp; path = ../../shared/generated/megamodule_api_init.cpp; sourceTree = "<group>"; };
		FA7305E916D1AB6E00298214 /* megamodule_js_api.cpp */ = {isa = PBXFileReference; fileEncoding = 4; lastKnownFileType = sourcecode.cpp.cpp; name = megamodule_js_api.cpp; path = ../../shared/generated/megamodule_js_api.cpp; sourceTree = "<group>"; };
		FA7305EA16D1AB6E00298214 /* megamodule_ruby_api.c */ = {isa = PBXFileReference; fileEncoding = 4; lastKnownFileType = sourcecode.c.c; name = megamodule_ruby_api.c; path = ../../shared/generated/megamodule_ruby_api.c; sourceTree = "<group>"; };
		FAC155F3145855CF0016F3BD /* libMegaModule.a */ = {isa = PBXFileReference; explicitFileType = archive.ar; includeInIndex = 0; path = libMegaModule.a; sourceTree = BUILT_PRODUCTS_DIR; };
		FAD45FD51225FED600141873 /* MegaModule_Prefix.pch */ = {isa = PBXFileReference; fileEncoding = 4; lastKnownFileType = sourcecode.c.h; path = MegaModule_Prefix.pch; sourceTree = "<group>"; };
		FAD4602C12260A8500141873 /* UIKit.framework */ = {isa = PBXFileReference; lastKnownFileType = wrapper.framework; name = UIKit.framework; path = System/Library/Frameworks/UIKit.framework; sourceTree = SDKROOT; };
		FAE41D1317DF7D7100345B14 /* IMegamodule.h */ = {isa = PBXFileReference; lastKnownFileType = sourcecode.c.h; name = IMegamodule.h; path = ../../../shared/generated/cpp/IMegamodule.h; sourceTree = "<group>"; };
		FAE41D1417DF7D7100345B14 /* Megamodule_js_wrap.cpp */ = {isa = PBXFileReference; lastKnownFileType = sourcecode.cpp.cpp; name = Megamodule_js_wrap.cpp; path = ../../../shared/generated/cpp/Megamodule_js_wrap.cpp; sourceTree = "<group>"; };
		FAE41D1517DF7D7100345B14 /* Megamodule_ruby_wrap.cpp */ = {isa = PBXFileReference; lastKnownFileType = sourcecode.cpp.cpp; name = Megamodule_ruby_wrap.cpp; path = ../../../shared/generated/cpp/Megamodule_ruby_wrap.cpp; sourceTree = "<group>"; };
		FAE41D1617DF7D7100345B14 /* MegamoduleBase.cpp */ = {isa = PBXFileReference; lastKnownFileType = sourcecode.cpp.cpp; name = MegamoduleBase.cpp; path = ../../../shared/generated/cpp/MegamoduleBase.cpp; sourceTree = "<group>"; };
		FAE41D1717DF7D7100345B14 /* MegamoduleBase.h */ = {isa = PBXFileReference; lastKnownFileType = sourcecode.c.h; name = MegamoduleBase.h; path = ../../../shared/generated/cpp/MegamoduleBase.h; sourceTree = "<group>"; };
		FAE41D1D17DF7DAF00345B14 /* Megamodule_impl.cpp */ = {isa = PBXFileReference; lastKnownFileType = sourcecode.cpp.cpp; name = Megamodule_impl.cpp; path = ../../wm/src/Megamodule_impl.cpp; sourceTree = "<group>"; };
/* End PBXFileReference section */

/* Begin PBXFrameworksBuildPhase section */
		FAC155ED145855CF0016F3BD /* Frameworks */ = {
			isa = PBXFrameworksBuildPhase;
			buildActionMask = 2147483647;
			files = (
				FAC155EE145855CF0016F3BD /* Foundation.framework in Frameworks */,
				FAC155EF145855CF0016F3BD /* UIKit.framework in Frameworks */,
			);
			runOnlyForDeploymentPostprocessing = 0;
		};
/* End PBXFrameworksBuildPhase section */

/* Begin PBXGroup section */
		034768DFFF38A50411DB9C8B /* Products */ = {
			isa = PBXGroup;
			children = (
				FAC155F3145855CF0016F3BD /* libMegaModule.a */,
			);
			name = Products;
			sourceTree = "<group>";
		};
		0867D691FE84028FC02AAC07 /* Barcode */ = {
			isa = PBXGroup;
			children = (
				08FB77AEFE84172EC02AAC07 /* Classes */,
				32C88DFF0371C24200C91783 /* Other Sources */,
				0867D69AFE84028FC02AAC07 /* Frameworks */,
				034768DFFF38A50411DB9C8B /* Products */,
			);
			name = Barcode;
			sourceTree = "<group>";
		};
		0867D69AFE84028FC02AAC07 /* Frameworks */ = {
			isa = PBXGroup;
			children = (
				AACBBE490F95108600F1A2B1 /* Foundation.framework */,
				FAD4602C12260A8500141873 /* UIKit.framework */,
			);
			name = Frameworks;
			sourceTree = "<group>";
		};
		08FB77AEFE84172EC02AAC07 /* Classes */ = {
			isa = PBXGroup;
			children = (
				FAC155DD1458511E0016F3BD /* iOS_specific */,
				FAC155DA145850EB0016F3BD /* Shared */,
			);
			name = Classes;
			sourceTree = "<group>";
		};
		32C88DFF0371C24200C91783 /* Other Sources */ = {
			isa = PBXGroup;
			children = (
				FAD45FD51225FED600141873 /* MegaModule_Prefix.pch */,
			);
			name = "Other Sources";
			sourceTree = "<group>";
		};
		FA7305EE16D1AB7C00298214 /* generated */ = {
			isa = PBXGroup;
			children = (
				FAE41D1317DF7D7100345B14 /* IMegamodule.h */,
				FAE41D1417DF7D7100345B14 /* Megamodule_js_wrap.cpp */,
				FAE41D1517DF7D7100345B14 /* Megamodule_ruby_wrap.cpp */,
				FAE41D1617DF7D7100345B14 /* MegamoduleBase.cpp */,
				FAE41D1717DF7D7100345B14 /* MegamoduleBase.h */,
			);
			path = generated;
			sourceTree = "<group>";
		};
		FA73060316D1AB7C00298214 /* impl */ = {
			isa = PBXGroup;
			children = (
				FAE41D1D17DF7DAF00345B14 /* Megamodule_impl.cpp */,
			);
			path = impl;
			sourceTree = "<group>";
		};
		FAC155DA145850EB0016F3BD /* Shared */ = {
			isa = PBXGroup;
			children = (
				FA7305E816D1AB6E00298214 /* megamodule_api_init.cpp */,
				FA7305E916D1AB6E00298214 /* megamodule_js_api.cpp */,
				FA7305EA16D1AB6E00298214 /* megamodule_ruby_api.c */,
			);
			name = Shared;
			sourceTree = "<group>";
		};
		FAC155DD1458511E0016F3BD /* iOS_specific */ = {
			isa = PBXGroup;
			children = (
				FA7305EE16D1AB7C00298214 /* generated */,
				FA73060316D1AB7C00298214 /* impl */,
			);
			name = iOS_specific;
			sourceTree = "<group>";
		};
/* End PBXGroup section */

/* Begin PBXHeadersBuildPhase section */
		FAC155E6145855CF0016F3BD /* Headers */ = {
			isa = PBXHeadersBuildPhase;
			buildActionMask = 2147483647;
			files = (
				FAE41D1817DF7D7600345B14 /* IMegamodule.h in Headers */,
				FAE41D1C17DF7D8500345B14 /* MegamoduleBase.h in Headers */,
				FAC155E7145855CF0016F3BD /* MegaModule_Prefix.pch in Headers */,
			);
			runOnlyForDeploymentPostprocessing = 0;
		};
/* End PBXHeadersBuildPhase section */

/* Begin PBXNativeTarget section */
		FAC155E5145855CF0016F3BD /* MegaModule */ = {
			isa = PBXNativeTarget;
			buildConfigurationList = FAC155F0145855CF0016F3BD /* Build configuration list for PBXNativeTarget "MegaModule" */;
			buildPhases = (
				FAC155E6145855CF0016F3BD /* Headers */,
				FAC155E9145855CF0016F3BD /* Sources */,
				FAC155ED145855CF0016F3BD /* Frameworks */,
			);
			buildRules = (
			);
			dependencies = (
			);
			name = MegaModule;
			productName = Barcode;
			productReference = FAC155F3145855CF0016F3BD /* libMegaModule.a */;
			productType = "com.apple.product-type.library.static";
		};
/* End PBXNativeTarget section */

/* Begin PBXProject section */
		0867D690FE84028FC02AAC07 /* Project object */ = {
			isa = PBXProject;
			attributes = {
			};
			buildConfigurationList = 1DEB922208733DC00010E9CD /* Build configuration list for PBXProject "MegamoduleCpp" */;
			compatibilityVersion = "Xcode 3.1";
			developmentRegion = English;
			hasScannedForEncodings = 1;
			knownRegions = (
				English,
				Japanese,
				French,
				German,
			);
			mainGroup = 0867D691FE84028FC02AAC07 /* Barcode */;
			productRefGroup = 034768DFFF38A50411DB9C8B /* Products */;
			projectDirPath = "";
			projectRoot = "";
			targets = (
				FAC155E5145855CF0016F3BD /* MegaModule */,
			);
		};
/* End PBXProject section */

/* Begin PBXSourcesBuildPhase section */
		FAC155E9145855CF0016F3BD /* Sources */ = {
			isa = PBXSourcesBuildPhase;
			buildActionMask = 2147483647;
			files = (
				FA7305EB16D1AB6E00298214 /* megamodule_api_init.cpp in Sources */,
				FA7305EC16D1AB6E00298214 /* megamodule_js_api.cpp in Sources */,
				FA7305ED16D1AB6E00298214 /* megamodule_ruby_api.c in Sources */,
				FAE41D1B17DF7D8100345B14 /* MegamoduleBase.cpp in Sources */,
				FAE41D1917DF7D7900345B14 /* Megamodule_js_wrap.cpp in Sources */,
				FAE41D1A17DF7D7C00345B14 /* Megamodule_ruby_wrap.cpp in Sources */,
			);
			runOnlyForDeploymentPostprocessing = 0;
		};
/* End PBXSourcesBuildPhase section */

/* Begin XCBuildConfiguration section */
		1DEB922308733DC00010E9CD /* Debug */ = {
			isa = XCBuildConfiguration;
			buildSettings = {
				GCC_C_LANGUAGE_STANDARD = c99;
				GCC_OPTIMIZATION_LEVEL = 0;
				GCC_WARN_ABOUT_RETURN_TYPE = YES;
				GCC_WARN_UNUSED_VARIABLE = YES;
				HEADER_SEARCH_PATHS = (
					"$(RHO_ROOT)/platform/shared/common",
					"$(RHO_ROOT)/platform/shared/rubyext",
					"$(RHO_ROOT)/platform/shared/ruby/include",
					"$(RHO_ROOT)/platform/shared/ruby/iphone",
					"$(RHO_ROOT)/platform/shared",
					/Users/MOHUS/rhodes/platform/shared/common,
					/Users/MOHUS/rhodes/platform/shared/rubyext,
					/Users/MOHUS/rhodes/platform/shared/ruby/include,
					/Users/MOHUS/rhodes/platform/shared/ruby/iphone,
					/Users/MOHUS/rhodes/platform/shared,
				);
				IPHONEOS_DEPLOYMENT_TARGET = 3.0;
				ONLY_ACTIVE_ARCH = NO;
				PREBINDING = NO;
				SDKROOT = iphonesimulator4.1;
				STANDARD_C_PLUS_PLUS_LIBRARY_TYPE = static;
			};
			name = Debug;
		};
		1DEB922408733DC00010E9CD /* Release */ = {
			isa = XCBuildConfiguration;
			buildSettings = {
				GCC_C_LANGUAGE_STANDARD = c99;
				GCC_WARN_ABOUT_RETURN_TYPE = YES;
				GCC_WARN_UNUSED_VARIABLE = YES;
				HEADER_SEARCH_PATHS = (
					"$(RHO_ROOT)/platform/shared/common",
					"$(RHO_ROOT)/platform/shared/rubyext",
					"$(RHO_ROOT)/platform/shared/ruby/include",
					"$(RHO_ROOT)/platform/shared/ruby/iphone",
					"$(RHO_ROOT)/platform/shared",
					/Users/MOHUS/rhodes/platform/shared/common,
					/Users/MOHUS/rhodes/platform/shared/rubyext,
					/Users/MOHUS/rhodes/platform/shared/ruby/include,
					/Users/MOHUS/rhodes/platform/shared/ruby/iphone,
					/Users/MOHUS/rhodes/platform/shared,
				);
				IPHONEOS_DEPLOYMENT_TARGET = 3.0;
				ONLY_ACTIVE_ARCH = NO;
				PREBINDING = NO;
				SDKROOT = iphonesimulator4.1;
				STANDARD_C_PLUS_PLUS_LIBRARY_TYPE = static;
			};
			name = Release;
		};
		FAC155F1145855CF0016F3BD /* Debug */ = {
			isa = XCBuildConfiguration;
			buildSettings = {
				ALWAYS_SEARCH_USER_PATHS = NO;
				ARCHS = "$(ARCHS_STANDARD_32_BIT)";
				COPY_PHASE_STRIP = NO;
				DSTROOT = /tmp/MegaModule.dst;
				GCC_DYNAMIC_NO_PIC = NO;
				GCC_ENABLE_FIX_AND_CONTINUE = YES;
				GCC_MODEL_TUNING = G5;
				GCC_OPTIMIZATION_LEVEL = 0;
				GCC_PRECOMPILE_PREFIX_HEADER = YES;
				GCC_PREFIX_HEADER = MegaModule_Prefix.pch;
				INSTALL_PATH = /usr/local/lib;
				IPHONEOS_DEPLOYMENT_TARGET = 3.0;
				MACOSX_DEPLOYMENT_TARGET = 10.5;
				PRODUCT_NAME = MegaModule;
				SDKROOT = iphoneos;
				VALID_ARCHS = "i386 armv7";
			};
			name = Debug;
		};
		FAC155F2145855CF0016F3BD /* Release */ = {
			isa = XCBuildConfiguration;
			buildSettings = {
				ALWAYS_SEARCH_USER_PATHS = NO;
				ARCHS = "$(ARCHS_STANDARD_32_BIT)";
				DSTROOT = /tmp/MegaModule.dst;
				GCC_MODEL_TUNING = G5;
				GCC_PRECOMPILE_PREFIX_HEADER = YES;
				GCC_PREFIX_HEADER = MegaModule_Prefix.pch;
				INSTALL_PATH = /usr/local/lib;
				IPHONEOS_DEPLOYMENT_TARGET = 3.0;
				MACOSX_DEPLOYMENT_TARGET = 10.5;
				PRODUCT_NAME = MegaModule;
				SDKROOT = iphoneos;
				VALID_ARCHS = "i386  armv7";
			};
			name = Release;
		};
/* End XCBuildConfiguration section */

/* Begin XCConfigurationList section */
		1DEB922208733DC00010E9CD /* Build configuration list for PBXProject "MegamoduleCpp" */ = {
			isa = XCConfigurationList;
			buildConfigurations = (
				1DEB922308733DC00010E9CD /* Debug */,
				1DEB922408733DC00010E9CD /* Release */,
			);
			defaultConfigurationIsVisible = 0;
			defaultConfigurationName = Release;
		};
		FAC155F0145855CF0016F3BD /* Build configuration list for PBXNativeTarget "MegaModule" */ = {
			isa = XCConfigurationList;
			buildConfigurations = (
				FAC155F1145855CF0016F3BD /* Debug */,
				FAC155F2145855CF0016F3BD /* Release */,
			);
			defaultConfigurationIsVisible = 0;
			defaultConfigurationName = Release;
		};
/* End XCConfigurationList section */
	};
	rootObject = 0867D690FE84028FC02AAC07 /* Project object */;
}
